// !$*UTF8*$!
{
	archiveVersion = 1;
	classes = {
	};
	objectVersion = 55;
	objects = {

/* Begin PBXBuildFile section */
		A50536FB29A09A8F0003DE85 /* AppDelegate.swift in Sources */ = {isa = PBXBuildFile; fileRef = A50536FA29A09A8F0003DE85 /* AppDelegate.swift */; };
		A50536FD29A09A8F0003DE85 /* SceneDelegate.swift in Sources */ = {isa = PBXBuildFile; fileRef = A50536FC29A09A8F0003DE85 /* SceneDelegate.swift */; };
		A50536FF29A09A8F0003DE85 /* ViewController.swift in Sources */ = {isa = PBXBuildFile; fileRef = A50536FE29A09A8F0003DE85 /* ViewController.swift */; };
		A505370229A09A8F0003DE85 /* Main.storyboard in Resources */ = {isa = PBXBuildFile; fileRef = A505370029A09A8F0003DE85 /* Main.storyboard */; };
		A505370429A09A8F0003DE85 /* Assets.xcassets in Resources */ = {isa = PBXBuildFile; fileRef = A505370329A09A8F0003DE85 /* Assets.xcassets */; };
		A505370729A09A8F0003DE85 /* LaunchScreen.storyboard in Resources */ = {isa = PBXBuildFile; fileRef = A505370529A09A8F0003DE85 /* LaunchScreen.storyboard */; };
		A5321E3529A0A48E00D5706F /* Plane.swift in Sources */ = {isa = PBXBuildFile; fileRef = A5321E3429A0A48E00D5706F /* Plane.swift */; };
		A5BEFD5529A0AD7400876270 /* Images.swift in Sources */ = {isa = PBXBuildFile; fileRef = A5BEFD5429A0AD7400876270 /* Images.swift */; };
		A5BEFD5729A0AE5E00876270 /* Colors.swift in Sources */ = {isa = PBXBuildFile; fileRef = A5BEFD5629A0AE5E00876270 /* Colors.swift */; };
/* End PBXBuildFile section */

/* Begin PBXFileReference section */
		A50536F729A09A8F0003DE85 /* WallPaintingApp.app */ = {isa = PBXFileReference; explicitFileType = wrapper.application; includeInIndex = 0; path = WallPaintingApp.app; sourceTree = BUILT_PRODUCTS_DIR; };
		A50536FA29A09A8F0003DE85 /* AppDelegate.swift */ = {isa = PBXFileReference; lastKnownFileType = sourcecode.swift; path = AppDelegate.swift; sourceTree = "<group>"; };
		A50536FC29A09A8F0003DE85 /* SceneDelegate.swift */ = {isa = PBXFileReference; lastKnownFileType = sourcecode.swift; path = SceneDelegate.swift; sourceTree = "<group>"; };
		A50536FE29A09A8F0003DE85 /* ViewController.swift */ = {isa = PBXFileReference; lastKnownFileType = sourcecode.swift; path = ViewController.swift; sourceTree = "<group>"; };
		A505370129A09A8F0003DE85 /* Base */ = {isa = PBXFileReference; lastKnownFileType = file.storyboard; name = Base; path = Base.lproj/Main.storyboard; sourceTree = "<group>"; };
		A505370329A09A8F0003DE85 /* Assets.xcassets */ = {isa = PBXFileReference; lastKnownFileType = folder.assetcatalog; path = Assets.xcassets; sourceTree = "<group>"; };
		A505370629A09A8F0003DE85 /* Base */ = {isa = PBXFileReference; lastKnownFileType = file.storyboard; name = Base; path = Base.lproj/LaunchScreen.storyboard; sourceTree = "<group>"; };
		A505370829A09A8F0003DE85 /* Info.plist */ = {isa = PBXFileReference; lastKnownFileType = text.plist.xml; path = Info.plist; sourceTree = "<group>"; };
		A5321E3429A0A48E00D5706F /* Plane.swift */ = {isa = PBXFileReference; lastKnownFileType = sourcecode.swift; path = Plane.swift; sourceTree = "<group>"; };
		A5BEFD5429A0AD7400876270 /* Images.swift */ = {isa = PBXFileReference; lastKnownFileType = sourcecode.swift; path = Images.swift; sourceTree = "<group>"; };
		A5BEFD5629A0AE5E00876270 /* Colors.swift */ = {isa = PBXFileReference; lastKnownFileType = sourcecode.swift; path = Colors.swift; sourceTree = "<group>"; };
/* End PBXFileReference section */

/* Begin PBXFrameworksBuildPhase section */
		A50536F429A09A8E0003DE85 /* Frameworks */ = {
			isa = PBXFrameworksBuildPhase;
			buildActionMask = 2147483647;
			files = (
			);
			runOnlyForDeploymentPostprocessing = 0;
		};
/* End PBXFrameworksBuildPhase section */

/* Begin PBXGroup section */
		A50536EE29A09A8E0003DE85 = {
			isa = PBXGroup;
			children = (
				A50536F929A09A8F0003DE85 /* WallPaintingApp */,
				A50536F829A09A8F0003DE85 /* Products */,
			);
			sourceTree = "<group>";
		};
		A50536F829A09A8F0003DE85 /* Products */ = {
			isa = PBXGroup;
			children = (
				A50536F729A09A8F0003DE85 /* WallPaintingApp.app */,
			);
			name = Products;
			sourceTree = "<group>";
		};
		A50536F929A09A8F0003DE85 /* WallPaintingApp */ = {
			isa = PBXGroup;
			children = (
				A5BEFD5329A0AD4300876270 /* Constants */,
				A5321E3329A0A46500D5706F /* ViewControllers */,
				A5321E3229A0A45F00D5706F /* Models */,
				A50536FA29A09A8F0003DE85 /* AppDelegate.swift */,
				A50536FC29A09A8F0003DE85 /* SceneDelegate.swift */,
				A505370029A09A8F0003DE85 /* Main.storyboard */,
				A505370329A09A8F0003DE85 /* Assets.xcassets */,
				A505370529A09A8F0003DE85 /* LaunchScreen.storyboard */,
				A505370829A09A8F0003DE85 /* Info.plist */,
			);
			path = WallPaintingApp;
			sourceTree = "<group>";
		};
		A5321E3229A0A45F00D5706F /* Models */ = {
			isa = PBXGroup;
			children = (
				A5321E3429A0A48E00D5706F /* Plane.swift */,
			);
			path = Models;
			sourceTree = "<group>";
		};
		A5321E3329A0A46500D5706F /* ViewControllers */ = {
			isa = PBXGroup;
			children = (
				A50536FE29A09A8F0003DE85 /* ViewController.swift */,
			);
			path = ViewControllers;
			sourceTree = "<group>";
		};
		A5BEFD5329A0AD4300876270 /* Constants */ = {
			isa = PBXGroup;
			children = (
				A5BEFD5429A0AD7400876270 /* Images.swift */,
				A5BEFD5629A0AE5E00876270 /* Colors.swift */,
			);
			path = Constants;
			sourceTree = "<group>";
		};
/* End PBXGroup section */

/* Begin PBXNativeTarget section */
		A50536F629A09A8E0003DE85 /* WallPaintingApp */ = {
			isa = PBXNativeTarget;
			buildConfigurationList = A505370B29A09A8F0003DE85 /* Build configuration list for PBXNativeTarget "WallPaintingApp" */;
			buildPhases = (
				A50536F329A09A8E0003DE85 /* Sources */,
				A50536F429A09A8E0003DE85 /* Frameworks */,
				A50536F529A09A8E0003DE85 /* Resources */,
			);
			buildRules = (
			);
			dependencies = (
			);
			name = WallPaintingApp;
			productName = WallPaintingApp;
			productReference = A50536F729A09A8F0003DE85 /* WallPaintingApp.app */;
			productType = "com.apple.product-type.application";
		};
/* End PBXNativeTarget section */

/* Begin PBXProject section */
		A50536EF29A09A8E0003DE85 /* Project object */ = {
			isa = PBXProject;
			attributes = {
				BuildIndependentTargetsInParallel = 1;
				LastSwiftUpdateCheck = 1330;
				LastUpgradeCheck = 1330;
				TargetAttributes = {
					A50536F629A09A8E0003DE85 = {
						CreatedOnToolsVersion = 13.3.1;
					};
				};
			};
			buildConfigurationList = A50536F229A09A8E0003DE85 /* Build configuration list for PBXProject "WallPaintingApp" */;
			compatibilityVersion = "Xcode 13.0";
			developmentRegion = en;
			hasScannedForEncodings = 0;
			knownRegions = (
				en,
				Base,
			);
			mainGroup = A50536EE29A09A8E0003DE85;
			productRefGroup = A50536F829A09A8F0003DE85 /* Products */;
			projectDirPath = "";
			projectRoot = "";
			targets = (
				A50536F629A09A8E0003DE85 /* WallPaintingApp */,
			);
		};
/* End PBXProject section */

/* Begin PBXResourcesBuildPhase section */
		A50536F529A09A8E0003DE85 /* Resources */ = {
			isa = PBXResourcesBuildPhase;
			buildActionMask = 2147483647;
			files = (
				A505370729A09A8F0003DE85 /* LaunchScreen.storyboard in Resources */,
				A505370429A09A8F0003DE85 /* Assets.xcassets in Resources */,
				A505370229A09A8F0003DE85 /* Main.storyboard in Resources */,
			);
			runOnlyForDeploymentPostprocessing = 0;
		};
/* End PBXResourcesBuildPhase section */

/* Begin PBXSourcesBuildPhase section */
		A50536F329A09A8E0003DE85 /* Sources */ = {
			isa = PBXSourcesBuildPhase;
			buildActionMask = 2147483647;
			files = (
				A50536FF29A09A8F0003DE85 /* ViewController.swift in Sources */,
				A5BEFD5729A0AE5E00876270 /* Colors.swift in Sources */,
				A50536FB29A09A8F0003DE85 /* AppDelegate.swift in Sources */,
				A5BEFD5529A0AD7400876270 /* Images.swift in Sources */,
				A5321E3529A0A48E00D5706F /* Plane.swift in Sources */,
				A50536FD29A09A8F0003DE85 /* SceneDelegate.swift in Sources */,
			);
			runOnlyForDeploymentPostprocessing = 0;
		};
/* End PBXSourcesBuildPhase section */

/* Begin PBXVariantGroup section */
		A505370029A09A8F0003DE85 /* Main.storyboard */ = {
			isa = PBXVariantGroup;
			children = (
				A505370129A09A8F0003DE85 /* Base */,
			);
			name = Main.storyboard;
			sourceTree = "<group>";
		};
		A505370529A09A8F0003DE85 /* LaunchScreen.storyboard */ = {
			isa = PBXVariantGroup;
			children = (
				A505370629A09A8F0003DE85 /* Base */,
			);
			name = LaunchScreen.storyboard;
			sourceTree = "<group>";
		};
/* End PBXVariantGroup section */

/* Begin XCBuildConfiguration section */
		A505370929A09A8F0003DE85 /* Debug */ = {
			isa = XCBuildConfiguration;
			buildSettings = {
				ALWAYS_SEARCH_USER_PATHS = NO;
				CLANG_ANALYZER_NONNULL = YES;
				CLANG_ANALYZER_NUMBER_OBJECT_CONVERSION = YES_AGGRESSIVE;
				CLANG_CXX_LANGUAGE_STANDARD = "gnu++17";
				CLANG_ENABLE_MODULES = YES;
				CLANG_ENABLE_OBJC_ARC = YES;
				CLANG_ENABLE_OBJC_WEAK = YES;
				CLANG_WARN_BLOCK_CAPTURE_AUTORELEASING = YES;
				CLANG_WARN_BOOL_CONVERSION = YES;
				CLANG_WARN_COMMA = YES;
				CLANG_WARN_CONSTANT_CONVERSION = YES;
				CLANG_WARN_DEPRECATED_OBJC_IMPLEMENTATIONS = YES;
				CLANG_WARN_DIRECT_OBJC_ISA_USAGE = YES_ERROR;
				CLANG_WARN_DOCUMENTATION_COMMENTS = YES;
				CLANG_WARN_EMPTY_BODY = YES;
				CLANG_WARN_ENUM_CONVERSION = YES;
				CLANG_WARN_INFINITE_RECURSION = YES;
				CLANG_WARN_INT_CONVERSION = YES;
				CLANG_WARN_NON_LITERAL_NULL_CONVERSION = YES;
				CLANG_WARN_OBJC_IMPLICIT_RETAIN_SELF = YES;
				CLANG_WARN_OBJC_LITERAL_CONVERSION = YES;
				CLANG_WARN_OBJC_ROOT_CLASS = YES_ERROR;
				CLANG_WARN_QUOTED_INCLUDE_IN_FRAMEWORK_HEADER = YES;
				CLANG_WARN_RANGE_LOOP_ANALYSIS = YES;
				CLANG_WARN_STRICT_PROTOTYPES = YES;
				CLANG_WARN_SUSPICIOUS_MOVE = YES;
				CLANG_WARN_UNGUARDED_AVAILABILITY = YES_AGGRESSIVE;
				CLANG_WARN_UNREACHABLE_CODE = YES;
				CLANG_WARN__DUPLICATE_METHOD_MATCH = YES;
				COPY_PHASE_STRIP = NO;
				DEBUG_INFORMATION_FORMAT = dwarf;
				ENABLE_STRICT_OBJC_MSGSEND = YES;
				ENABLE_TESTABILITY = YES;
				GCC_C_LANGUAGE_STANDARD = gnu11;
				GCC_DYNAMIC_NO_PIC = NO;
				GCC_NO_COMMON_BLOCKS = YES;
				GCC_OPTIMIZATION_LEVEL = 0;
				GCC_PREPROCESSOR_DEFINITIONS = (
					"DEBUG=1",
					"$(inherited)",
				);
				GCC_WARN_64_TO_32_BIT_CONVERSION = YES;
				GCC_WARN_ABOUT_RETURN_TYPE = YES_ERROR;
				GCC_WARN_UNDECLARED_SELECTOR = YES;
				GCC_WARN_UNINITIALIZED_AUTOS = YES_AGGRESSIVE;
				GCC_WARN_UNUSED_FUNCTION = YES;
				GCC_WARN_UNUSED_VARIABLE = YES;
				IPHONEOS_DEPLOYMENT_TARGET = 15.4;
				MTL_ENABLE_DEBUG_INFO = INCLUDE_SOURCE;
				MTL_FAST_MATH = YES;
				ONLY_ACTIVE_ARCH = YES;
				SDKROOT = iphoneos;
				SWIFT_ACTIVE_COMPILATION_CONDITIONS = DEBUG;
				SWIFT_OPTIMIZATION_LEVEL = "-Onone";
			};
			name = Debug;
		};
		A505370A29A09A8F0003DE85 /* Release */ = {
			isa = XCBuildConfiguration;
			buildSettings = {
				ALWAYS_SEARCH_USER_PATHS = NO;
				CLANG_ANALYZER_NONNULL = YES;
				CLANG_ANALYZER_NUMBER_OBJECT_CONVERSION = YES_AGGRESSIVE;
				CLANG_CXX_LANGUAGE_STANDARD = "gnu++17";
				CLANG_ENABLE_MODULES = YES;
				CLANG_ENABLE_OBJC_ARC = YES;
				CLANG_ENABLE_OBJC_WEAK = YES;
				CLANG_WARN_BLOCK_CAPTURE_AUTORELEASING = YES;
				CLANG_WARN_BOOL_CONVERSION = YES;
				CLANG_WARN_COMMA = YES;
				CLANG_WARN_CONSTANT_CONVERSION = YES;
				CLANG_WARN_DEPRECATED_OBJC_IMPLEMENTATIONS = YES;
				CLANG_WARN_DIRECT_OBJC_ISA_USAGE = YES_ERROR;
				CLANG_WARN_DOCUMENTATION_COMMENTS = YES;
				CLANG_WARN_EMPTY_BODY = YES;
				CLANG_WARN_ENUM_CONVERSION = YES;
				CLANG_WARN_INFINITE_RECURSION = YES;
				CLANG_WARN_INT_CONVERSION = YES;
				CLANG_WARN_NON_LITERAL_NULL_CONVERSION = YES;
				CLANG_WARN_OBJC_IMPLICIT_RETAIN_SELF = YES;
				CLANG_WARN_OBJC_LITERAL_CONVERSION = YES;
				CLANG_WARN_OBJC_ROOT_CLASS = YES_ERROR;
				CLANG_WARN_QUOTED_INCLUDE_IN_FRAMEWORK_HEADER = YES;
				CLANG_WARN_RANGE_LOOP_ANALYSIS = YES;
				CLANG_WARN_STRICT_PROTOTYPES = YES;
				CLANG_WARN_SUSPICIOUS_MOVE = YES;
				CLANG_WARN_UNGUARDED_AVAILABILITY = YES_AGGRESSIVE;
				CLANG_WARN_UNREACHABLE_CODE = YES;
				CLANG_WARN__DUPLICATE_METHOD_MATCH = YES;
				COPY_PHASE_STRIP = NO;
				DEBUG_INFORMATION_FORMAT = "dwarf-with-dsym";
				ENABLE_NS_ASSERTIONS = NO;
				ENABLE_STRICT_OBJC_MSGSEND = YES;
				GCC_C_LANGUAGE_STANDARD = gnu11;
				GCC_NO_COMMON_BLOCKS = YES;
				GCC_WARN_64_TO_32_BIT_CONVERSION = YES;
				GCC_WARN_ABOUT_RETURN_TYPE = YES_ERROR;
				GCC_WARN_UNDECLARED_SELECTOR = YES;
				GCC_WARN_UNINITIALIZED_AUTOS = YES_AGGRESSIVE;
				GCC_WARN_UNUSED_FUNCTION = YES;
				GCC_WARN_UNUSED_VARIABLE = YES;
				IPHONEOS_DEPLOYMENT_TARGET = 15.4;
				MTL_ENABLE_DEBUG_INFO = NO;
				MTL_FAST_MATH = YES;
				SDKROOT = iphoneos;
				SWIFT_COMPILATION_MODE = wholemodule;
				SWIFT_OPTIMIZATION_LEVEL = "-O";
				VALIDATE_PRODUCT = YES;
			};
			name = Release;
		};
		A505370C29A09A8F0003DE85 /* Debug */ = {
			isa = XCBuildConfiguration;
			buildSettings = {
				ASSETCATALOG_COMPILER_APPICON_NAME = AppIcon;
				ASSETCATALOG_COMPILER_GLOBAL_ACCENT_COLOR_NAME = AccentColor;
				CODE_SIGN_STYLE = Automatic;
				CURRENT_PROJECT_VERSION = 1;
				DEVELOPMENT_TEAM = 8W6TC9JFK7;
				GENERATE_INFOPLIST_FILE = YES;
				INFOPLIST_FILE = WallPaintingApp/Info.plist;
				INFOPLIST_KEY_UIApplicationSupportsIndirectInputEvents = YES;
				INFOPLIST_KEY_UILaunchStoryboardName = LaunchScreen;
				INFOPLIST_KEY_UIMainStoryboardFile = Main;
				INFOPLIST_KEY_UISupportedInterfaceOrientations_iPad = "UIInterfaceOrientationPortrait UIInterfaceOrientationPortraitUpsideDown UIInterfaceOrientationLandscapeLeft UIInterfaceOrientationLandscapeRight";
				INFOPLIST_KEY_UISupportedInterfaceOrientations_iPhone = "UIInterfaceOrientationPortrait UIInterfaceOrientationLandscapeLeft UIInterfaceOrientationLandscapeRight";
				LD_RUNPATH_SEARCH_PATHS = (
					"$(inherited)",
					"@executable_path/Frameworks",
				);
				MARKETING_VERSION = 1.0;
				PRODUCT_BUNDLE_IDENTIFIER = com.demo.WallPaintingApp;
				PRODUCT_NAME = "$(TARGET_NAME)";
				SWIFT_EMIT_LOC_STRINGS = YES;
				SWIFT_VERSION = 5.0;
				TARGETED_DEVICE_FAMILY = "1,2";
			};
			name = Debug;
		};
		A505370D29A09A8F0003DE85 /* Release */ = {
			isa = XCBuildConfiguration;
			buildSettings = {
				ASSETCATALOG_COMPILER_APPICON_NAME = AppIcon;
				ASSETCATALOG_COMPILER_GLOBAL_ACCENT_COLOR_NAME = AccentColor;
				CODE_SIGN_STYLE = Automatic;
				CURRENT_PROJECT_VERSION = 1;
				DEVELOPMENT_TEAM = 8W6TC9JFK7;
				GENERATE_INFOPLIST_FILE = YES;
				INFOPLIST_FILE = WallPaintingApp/Info.plist;
				INFOPLIST_KEY_UIApplicationSupportsIndirectInputEvents = YES;
				INFOPLIST_KEY_UILaunchStoryboardName = LaunchScreen;
				INFOPLIST_KEY_UIMainStoryboardFile = Main;
				INFOPLIST_KEY_UISupportedInterfaceOrientations_iPad = "UIInterfaceOrientationPortrait UIInterfaceOrientationPortraitUpsideDown UIInterfaceOrientationLandscapeLeft UIInterfaceOrientationLandscapeRight";
				INFOPLIST_KEY_UISupportedInterfaceOrientations_iPhone = "UIInterfaceOrientationPortrait UIInterfaceOrientationLandscapeLeft UIInterfaceOrientationLandscapeRight";
				LD_RUNPATH_SEARCH_PATHS = (
					"$(inherited)",
					"@executable_path/Frameworks",
				);
				MARKETING_VERSION = 1.0;
				PRODUCT_BUNDLE_IDENTIFIER = com.demo.WallPaintingApp;
				PRODUCT_NAME = "$(TARGET_NAME)";
				SWIFT_EMIT_LOC_STRINGS = YES;
				SWIFT_VERSION = 5.0;
				TARGETED_DEVICE_FAMILY = "1,2";
			};
			name = Release;
		};
/* End XCBuildConfiguration section */

/* Begin XCConfigurationList section */
		A50536F229A09A8E0003DE85 /* Build configuration list for PBXProject "WallPaintingApp" */ = {
			isa = XCConfigurationList;
			buildConfigurations = (
				A505370929A09A8F0003DE85 /* Debug */,
				A505370A29A09A8F0003DE85 /* Release */,
			);
			defaultConfigurationIsVisible = 0;
			defaultConfigurationName = Release;
		};
		A505370B29A09A8F0003DE85 /* Build configuration list for PBXNativeTarget "WallPaintingApp" */ = {
			isa = XCConfigurationList;
			buildConfigurations = (
				A505370C29A09A8F0003DE85 /* Debug */,
				A505370D29A09A8F0003DE85 /* Release */,
			);
			defaultConfigurationIsVisible = 0;
			defaultConfigurationName = Release;
		};
/* End XCConfigurationList section */
	};
	rootObject = A50536EF29A09A8E0003DE85 /* Project object */;
}
